github.com/johnhaha/echo v0.1.6 h1:MP0EGs/wPip6rujMxo2txiEK6/W0UPn+XyW/9rGsDiE=
github.com/johnhaha/echo v0.1.6/go.mod h1:7kgHaqkLDI7s9kF/0hJhcv2jGBG959B5N3XkEVzmmuw=
github.com/johnhaha/echo v0.1.8 h1:YCDBJPEzjfK9ClLiQDuYn5Sxxg+ZLZydS7C8Xi69sco=
github.com/johnhaha/echo v0.1.8/go.mod h1:7kgHaqkLDI7s9kF/0hJhcv2jGBG959B5N3XkEVzmmuw=
github.com/johnhaha/echo v0.2.1 h1:N0yojhsblbHExX3eOn23KlKJoAPL0sOiBSAgrYxGKo8=
github.com/johnhaha/echo v0.2.1/go.mod h1:2BN/dNvULdtWH5xDpvM3/h7jQa2qb1H6RvSGFDAlBTE=
github.com/johnhaha/echo v0.2.3 h1:jdBEfsLrpO3wfkxMaSye0js9o21rA8ADFAfCO99SDXg=
github.com/johnhaha/echo v0.2.3/go.mod h1:2BN/dNvULdtWH5xDpvM3/h7jQa2qb1H6RvSGFDAlBTE=
github.com/johnhaha/nose v0.0.7 h1:rDbu7hDOyQWYTopF47tEPGaOgjQ51zMARszMWvBdVjg=
github.com/johnhaha/nose v0.0.7/go.mod h1:1xTcIahYNbpVkhouQqVyI/WymHyZmsU8jU/VuZOpr/c=
github.com/johnhaha/nose v0.0.9 h1:R1qMkqizYsvcwS1cdmcDRnbwMECotcmiUeztcBY+6m8=
github.com/johnhaha/nose v0.0.9/go.mod h1:1xTcIahYNbpVkhouQqVyI/WymHyZmsU8jU/VuZOpr/c=
github.com/johnhaha/nose v0.0.10 h1:h7iwuUstZboFTs4JdTWP3GeCjyJtpSSnup7IsrSos2M=
github.com/johnhaha/nose v0.0.10/go.mod h1:po/VTSiwZVaQwlCqKidSCeXBAm5tiPQVJrdUulRMvvI=
